
Microsoft Visual Studio Solution File, Format Version 12.00
# Visual Studio Version 17
VisualStudioVersion = 17.7.34031.279
MinimumVisualStudioVersion = 10.0.40219.1
Project("{FAE04EC0-301F-11D3-BF4B-00C04F79EFBC}") = "8section1.31", "8section1.31\8section1.31.csproj", "{5117F02A-6D74-4205-AC8D-7E6A61D135B3}"
EndProject
Global
	GlobalSection(SolutionConfigurationPlatforms) = preSolution
		Debug|Any CPU = Debug|Any CPU
		Release|Any CPU = Release|Any CPU
	EndGlobalSection
	GlobalSection(ProjectConfigurationPlatforms) = postSolution
		{5117F02A-6D74-4205-AC8D-7E6A61D135B3}.Debug|Any CPU.ActiveCfg = Debug|Any CPU
		{5117F02A-6D74-4205-AC8D-7E6A61D135B3}.Debug|Any CPU.Build.0 = Debug|Any CPU
		{5117F02A-6D74-4205-AC8D-7E6A61D135B3}.Release|Any CPU.ActiveCfg = Release|Any CPU
		{5117F02A-6D74-4205-AC8D-7E6A61D135B3}.Release|Any CPU.Build.0 = Release|Any CPU
	EndGlobalSection
	GlobalSection(SolutionProperties) = preSolution
		HideSolutionNode = FALSE
	EndGlobalSection
	GlobalSection(ExtensibilityGlobals) = postSolution
		SolutionGuid = {1D8025FD-D2DD-4E3A-85BB-26BD81085947}
	EndGlobalSection
EndGlobal
